{
  "name": "msorce.github.io-generator",
  "version": "1.0.0",
  "lockfileVersion": 2,
  "requires": true,
  "packages": {
    "": {
      "name": "msorce.github.io-generator",
      "version": "1.0.0",
      "license": "ISC",
      "dependencies": {
        "@headlessui/react": "^1.4.2",
        "@heroicons/react": "^1.0.5"
      }
    },
    "node_modules/@headlessui/react": {
      "version": "1.4.2",
      "resolved": "https://registry.npmjs.org/@headlessui/react/-/react-1.4.2.tgz",
      "integrity": "sha512-N8tv7kLhg9qGKBkVdtg572BvKvWhmiudmeEpOCyNwzOsZHCXBtl8AazGikIfUS+vBoub20Fse3BjawXDVPPdug==",
      "engines": {
        "node": ">=10"
      },
      "peerDependencies": {
        "react": "^16 || ^17 || ^18",
        "react-dom": "^16 || ^17 || ^18"
      }
    },
    "node_modules/@heroicons/react": {
      "version": "1.0.5",
      "resolved": "https://registry.npmjs.org/@heroicons/react/-/react-1.0.5.tgz",
      "integrity": "sha512-UDMyLM2KavIu2vlWfMspapw9yii7aoLwzI2Hudx4fyoPwfKfxU8r3cL8dEBXOjcLG0/oOONZzbT14M1HoNtEcg==",
      "peerDependencies": {
        "react": ">= 16"
      }
    }
  },
  "dependencies": {
    "@headlessui/react": {
      "version": "1.4.2",
      "resolved": "https://registry.npmjs.org/@headlessui/react/-/react-1.4.2.tgz",
      "integrity": "sha512-N8tv7kLhg9qGKBkVdtg572BvKvWhmiudmeEpOCyNwzOsZHCXBtl8AazGikIfUS+vBoub20Fse3BjawXDVPPdug==",
      "requires": {}
    },
    "@heroicons/react": {
      "version": "1.0.5",
      "resolved": "https://registry.npmjs.org/@heroicons/react/-/react-1.0.5.tgz",
      "integrity": "sha512-UDMyLM2KavIu2vlWfMspapw9yii7aoLwzI2Hudx4fyoPwfKfxU8r3cL8dEBXOjcLG0/oOONZzbT14M1HoNtEcg==",
      "requires": {}
    }
  }
}
